
Microsoft Visual Studio Solution File, Format Version 12.00
# Visual Studio Version 17
VisualStudioVersion = 17.2.32616.157
MinimumVisualStudioVersion = 10.0.40219.1
Project("{FAE04EC0-301F-11D3-BF4B-00C04F79EFBC}") = "Aula20240215", "Aula20240215.csproj", "{EC5288AB-4CBD-4D9C-B231-187AC8CFDCF0}"
EndProject
Project("{2150E333-8FDC-42A3-9474-1A3956D46DE8}") = "Itens de Solução", "Itens de Solução", "{13579971-EB5A-4D40-BABB-58BE28E3DCD1}"
EndProject
Global
	GlobalSection(SolutionConfigurationPlatforms) = preSolution
		Debug|Any CPU = Debug|Any CPU
		Release|Any CPU = Release|Any CPU
	EndGlobalSection
	GlobalSection(ProjectConfigurationPlatforms) = postSolution
		{EC5288AB-4CBD-4D9C-B231-187AC8CFDCF0}.Debug|Any CPU.ActiveCfg = Debug|Any CPU
		{EC5288AB-4CBD-4D9C-B231-187AC8CFDCF0}.Debug|Any CPU.Build.0 = Debug|Any CPU
		{EC5288AB-4CBD-4D9C-B231-187AC8CFDCF0}.Release|Any CPU.ActiveCfg = Release|Any CPU
		{EC5288AB-4CBD-4D9C-B231-187AC8CFDCF0}.Release|Any CPU.Build.0 = Release|Any CPU
	EndGlobalSection
	GlobalSection(SolutionProperties) = preSolution
		HideSolutionNode = FALSE
	EndGlobalSection
	GlobalSection(ExtensibilityGlobals) = postSolution
		SolutionGuid = {9274A16B-2D02-4384-A684-1464C526239F}
	EndGlobalSection
EndGlobal
